{
  "requires": true,
  "lockfileVersion": 1,
  "dependencies": {
    "crypto.js": {
      "version": "1.1.5",
      "resolved": "https://registry.npmjs.org/crypto.js/-/crypto.js-1.1.5.tgz",
      "integrity": "sha512-SpxraRBCNg98hXdmemHGkx6AW3LlPKFTtjXUzOFzJ1mJW8C/HHwcR9l0fQ1TzCLQkCMIUyQYq1s92jdOdKAt8A=="
    }
  }
}
